
Microsoft Visual Studio Solution File, Format Version 12.00
# Visual Studio Version 17
VisualStudioVersion = 17.1.32421.90
MinimumVisualStudioVersion = 10.0.40219.1
Project("{FAE04EC0-301F-11D3-BF4B-00C04F79EFBC}") = "HotelReservationApi", "HotelReservationApi\HotelReservationApi.csproj", "{886810F7-F22F-4C7F-8700-37B0BC7A94C1}"
EndProject
Global
	GlobalSection(SolutionConfigurationPlatforms) = preSolution
		Debug|Any CPU = Debug|Any CPU
		Release|Any CPU = Release|Any CPU
	EndGlobalSection
	GlobalSection(ProjectConfigurationPlatforms) = postSolution
		{886810F7-F22F-4C7F-8700-37B0BC7A94C1}.Debug|Any CPU.ActiveCfg = Debug|Any CPU
		{886810F7-F22F-4C7F-8700-37B0BC7A94C1}.Debug|Any CPU.Build.0 = Debug|Any CPU
		{886810F7-F22F-4C7F-8700-37B0BC7A94C1}.Release|Any CPU.ActiveCfg = Release|Any CPU
		{886810F7-F22F-4C7F-8700-37B0BC7A94C1}.Release|Any CPU.Build.0 = Release|Any CPU
	EndGlobalSection
	GlobalSection(SolutionProperties) = preSolution
		HideSolutionNode = FALSE
	EndGlobalSection
	GlobalSection(ExtensibilityGlobals) = postSolution
		SolutionGuid = {041BB34C-A041-4384-A12F-1229D7C11931}
	EndGlobalSection
EndGlobal
